
Microsoft Visual Studio Solution File, Format Version 12.00
# Visual Studio 15
VisualStudioVersion = 15.0.27130.2036
MinimumVisualStudioVersion = 10.0.40219.1
Project("{8BC9CEB8-8B4A-11D0-8D11-00A0C91BC942}") = "QuaterSerieOpenGLClr", "QuaterSerieOpenGLClr\QuaterSerieOpenGLClr.vcxproj", "{A690F40A-E9F4-4F11-A542-3F648E8858AD}"
EndProject
Project("{FAE04EC0-301F-11D3-BF4B-00C04F79EFBC}") = "ModeleFaceDeQuaterAzureAPI", "ModeleFaceDeQuaterAzureAPI\ModeleFaceDeQuaterAzureAPI.csproj", "{BAC14AC2-A9A3-44E6-B2D0-F89872705C8C}"
EndProject
Global
	GlobalSection(SolutionConfigurationPlatforms) = preSolution
		Debug|Any CPU = Debug|Any CPU
		Debug|x64 = Debug|x64
		Debug|x86 = Debug|x86
		Release|Any CPU = Release|Any CPU
		Release|x64 = Release|x64
		Release|x86 = Release|x86
	EndGlobalSection
	GlobalSection(ProjectConfigurationPlatforms) = postSolution
		{A690F40A-E9F4-4F11-A542-3F648E8858AD}.Debug|Any CPU.ActiveCfg = Debug|Win32
		{A690F40A-E9F4-4F11-A542-3F648E8858AD}.Debug|x64.ActiveCfg = Debug|x64
		{A690F40A-E9F4-4F11-A542-3F648E8858AD}.Debug|x64.Build.0 = Debug|x64
		{A690F40A-E9F4-4F11-A542-3F648E8858AD}.Debug|x86.ActiveCfg = Debug|Win32
		{A690F40A-E9F4-4F11-A542-3F648E8858AD}.Debug|x86.Build.0 = Debug|Win32
		{A690F40A-E9F4-4F11-A542-3F648E8858AD}.Release|Any CPU.ActiveCfg = Release|Win32
		{A690F40A-E9F4-4F11-A542-3F648E8858AD}.Release|x64.ActiveCfg = Release|x64
		{A690F40A-E9F4-4F11-A542-3F648E8858AD}.Release|x64.Build.0 = Release|x64
		{A690F40A-E9F4-4F11-A542-3F648E8858AD}.Release|x86.ActiveCfg = Release|Win32
		{A690F40A-E9F4-4F11-A542-3F648E8858AD}.Release|x86.Build.0 = Release|Win32
		{BAC14AC2-A9A3-44E6-B2D0-F89872705C8C}.Debug|Any CPU.ActiveCfg = Debug|Any CPU
		{BAC14AC2-A9A3-44E6-B2D0-F89872705C8C}.Debug|Any CPU.Build.0 = Debug|Any CPU
		{BAC14AC2-A9A3-44E6-B2D0-F89872705C8C}.Debug|x64.ActiveCfg = Debug|Any CPU
		{BAC14AC2-A9A3-44E6-B2D0-F89872705C8C}.Debug|x64.Build.0 = Debug|Any CPU
		{BAC14AC2-A9A3-44E6-B2D0-F89872705C8C}.Debug|x86.ActiveCfg = Debug|Any CPU
		{BAC14AC2-A9A3-44E6-B2D0-F89872705C8C}.Debug|x86.Build.0 = Debug|Any CPU
		{BAC14AC2-A9A3-44E6-B2D0-F89872705C8C}.Release|Any CPU.ActiveCfg = Release|Any CPU
		{BAC14AC2-A9A3-44E6-B2D0-F89872705C8C}.Release|Any CPU.Build.0 = Release|Any CPU
		{BAC14AC2-A9A3-44E6-B2D0-F89872705C8C}.Release|x64.ActiveCfg = Release|Any CPU
		{BAC14AC2-A9A3-44E6-B2D0-F89872705C8C}.Release|x64.Build.0 = Release|Any CPU
		{BAC14AC2-A9A3-44E6-B2D0-F89872705C8C}.Release|x86.ActiveCfg = Release|Any CPU
		{BAC14AC2-A9A3-44E6-B2D0-F89872705C8C}.Release|x86.Build.0 = Release|Any CPU
	EndGlobalSection
	GlobalSection(SolutionProperties) = preSolution
		HideSolutionNode = FALSE
	EndGlobalSection
	GlobalSection(ExtensibilityGlobals) = postSolution
		SolutionGuid = {E81ACC2D-ACB9-4ECC-B0B5-5E052A02B4CF}
	EndGlobalSection
EndGlobal
